
Microsoft Visual Studio Solution File, Format Version 12.00
# Visual Studio Version 17
VisualStudioVersion = 17.10.35027.167
MinimumVisualStudioVersion = 10.0.40219.1
Project("{CC5FD16D-436D-48AD-A40C-5A424C6E3E79}") = "josemurCloud", "josemurCloud\josemurCloud.ccproj", "{DF11ACC6-D0AA-4A58-A122-5AE9B8BBCA4E}"
EndProject
Project("{FAE04EC0-301F-11D3-BF4B-00C04F79EFBC}") = "WebRole1", "WebRole1\WebRole1.csproj", "{C31F34F5-44D1-45C2-BA41-2741E623CF69}"
EndProject
Global
	GlobalSection(SolutionConfigurationPlatforms) = preSolution
		Debug|Any CPU = Debug|Any CPU
		Release|Any CPU = Release|Any CPU
	EndGlobalSection
	GlobalSection(ProjectConfigurationPlatforms) = postSolution
		{DF11ACC6-D0AA-4A58-A122-5AE9B8BBCA4E}.Debug|Any CPU.ActiveCfg = Debug|Any CPU
		{DF11ACC6-D0AA-4A58-A122-5AE9B8BBCA4E}.Debug|Any CPU.Build.0 = Debug|Any CPU
		{DF11ACC6-D0AA-4A58-A122-5AE9B8BBCA4E}.Release|Any CPU.ActiveCfg = Release|Any CPU
		{DF11ACC6-D0AA-4A58-A122-5AE9B8BBCA4E}.Release|Any CPU.Build.0 = Release|Any CPU
		{C31F34F5-44D1-45C2-BA41-2741E623CF69}.Debug|Any CPU.ActiveCfg = Debug|Any CPU
		{C31F34F5-44D1-45C2-BA41-2741E623CF69}.Debug|Any CPU.Build.0 = Debug|Any CPU
		{C31F34F5-44D1-45C2-BA41-2741E623CF69}.Release|Any CPU.ActiveCfg = Release|Any CPU
		{C31F34F5-44D1-45C2-BA41-2741E623CF69}.Release|Any CPU.Build.0 = Release|Any CPU
	EndGlobalSection
	GlobalSection(SolutionProperties) = preSolution
		HideSolutionNode = FALSE
	EndGlobalSection
	GlobalSection(ExtensibilityGlobals) = postSolution
		SolutionGuid = {3FBC4991-DB0A-4815-A9E5-419D52E7EAAC}
	EndGlobalSection
EndGlobal
